
Microsoft Visual Studio Solution File, Format Version 12.00
# Visual Studio Version 17
VisualStudioVersion = 17.11.35303.130
MinimumVisualStudioVersion = 10.0.40219.1
Project("{2150E333-8FDC-42A3-9474-1A3956D46DE8}") = "Services", "Services", "{D2CE5192-8D61-4874-882D-507BFC7555C3}"
EndProject
Project("{9A19103F-16F7-4668-BE54-9A1E7A4F7556}") = "Services.SamlResponseAuth", "Services.SamlResponseAuth\Services.SamlResponseAuth.csproj", "{F9DFCA96-E013-4301-B797-8C13A8DE5E1B}"
EndProject
Global
	GlobalSection(SolutionConfigurationPlatforms) = preSolution
		Debug|Any CPU = Debug|Any CPU
		Release|Any CPU = Release|Any CPU
	EndGlobalSection
	GlobalSection(ProjectConfigurationPlatforms) = postSolution
		{F9DFCA96-E013-4301-B797-8C13A8DE5E1B}.Debug|Any CPU.ActiveCfg = Debug|Any CPU
		{F9DFCA96-E013-4301-B797-8C13A8DE5E1B}.Debug|Any CPU.Build.0 = Debug|Any CPU
		{F9DFCA96-E013-4301-B797-8C13A8DE5E1B}.Release|Any CPU.ActiveCfg = Release|Any CPU
		{F9DFCA96-E013-4301-B797-8C13A8DE5E1B}.Release|Any CPU.Build.0 = Release|Any CPU
	EndGlobalSection
	GlobalSection(SolutionProperties) = preSolution
		HideSolutionNode = FALSE
	EndGlobalSection
	GlobalSection(NestedProjects) = preSolution
		{F9DFCA96-E013-4301-B797-8C13A8DE5E1B} = {D2CE5192-8D61-4874-882D-507BFC7555C3}
	EndGlobalSection
	GlobalSection(ExtensibilityGlobals) = postSolution
		SolutionGuid = {AE5A31E9-4A25-4D40-9F98-2C80F1539E7B}
	EndGlobalSection
EndGlobal
